{
  "completed": true,
  "step1_done": true,
  "step2_done": true,
  "step3_done": true,
  "app_secret_set": true,
  "dsn": "PAT12T9nMF4srxgB/u/FY7CYwOdVSioyenCiS8tPX4RQBYWNBt3UAX+tKdtDOjtQJjdIVBmeP+aHBi4IJ8YKaGOpzHr8CIU4dNM+YjL5jdGh8UKIMaAv/vIFO7ar+Tzb8Zk",
  "created_at": "2026-08-27T17:30:01.6439209+08:00",
  "completed_at": "2026-08-27T17:51:35.3436098+08:00"
}