{
  "completed": true,
  "step1_done": true,
  "step2_done": true,
  "step3_done": true,
  "app_secret_set": true,
  "dsn": "tnD4RlLSYjtKonYviGAMoUVphnLL4tnIrFGn4I+eWpXrbDEVgzVvVBmshkBl4f3R68fB1xLy5pzuCq6X3Y4aZ5/doIBHg07rOkBaM4NCb6r/QDa/yie5AYuB9AdPQomW",
  "created_at": "2026-08-27T00:01:10.8220315+08:00",
  "completed_at": "2026-08-27T00:14:00.0000000+08:00"
}