{
  "completed": true,
  "step1_done": true,
  "step2_done": true,
  "step3_done": true,
  "app_secret_set": true,
  "dsn": "rbBovDzZi7RnO0x8U4LmiqK55l3t0Nz9fbnXif5v39c9u1eIjGI1ZNf/Lz9BEYZhYib0rRtopJmdhoxd3MSqmi+13jTB89o5engDVBWQaXPMOH4W1a6nnVjn4xT7lE2C",
  "created_at": "2026-08-26T13:03:04.0290739+08:00",
  "completed_at": "2026-08-26T14:08:01.0132144+08:00"
}